
Microsoft Visual Studio Solution File, Format Version 12.00
# Visual Studio Version 17
VisualStudioVersion = 17.6.33723.286
MinimumVisualStudioVersion = 10.0.40219.1
Project("{8BC9CEB8-8B4A-11D0-8D11-00A0C91BC942}") = "Modelirovanie_lab5", "Modelirovanie_lab5.vcxproj", "{69AF55D1-49E1-4ECE-8017-0BF995D9326B}"
EndProject
Global
	GlobalSection(SolutionConfigurationPlatforms) = preSolution
		Debug|x64 = Debug|x64
		Debug|x86 = Debug|x86
		Release|x64 = Release|x64
		Release|x86 = Release|x86
	EndGlobalSection
	GlobalSection(ProjectConfigurationPlatforms) = postSolution
		{69AF55D1-49E1-4ECE-8017-0BF995D9326B}.Debug|x64.ActiveCfg = Debug|x64
		{69AF55D1-49E1-4ECE-8017-0BF995D9326B}.Debug|x64.Build.0 = Debug|x64
		{69AF55D1-49E1-4ECE-8017-0BF995D9326B}.Debug|x86.ActiveCfg = Debug|Win32
		{69AF55D1-49E1-4ECE-8017-0BF995D9326B}.Debug|x86.Build.0 = Debug|Win32
		{69AF55D1-49E1-4ECE-8017-0BF995D9326B}.Release|x64.ActiveCfg = Release|x64
		{69AF55D1-49E1-4ECE-8017-0BF995D9326B}.Release|x64.Build.0 = Release|x64
		{69AF55D1-49E1-4ECE-8017-0BF995D9326B}.Release|x86.ActiveCfg = Release|Win32
		{69AF55D1-49E1-4ECE-8017-0BF995D9326B}.Release|x86.Build.0 = Release|Win32
	EndGlobalSection
	GlobalSection(SolutionProperties) = preSolution
		HideSolutionNode = FALSE
	EndGlobalSection
	GlobalSection(ExtensibilityGlobals) = postSolution
		SolutionGuid = {79BFDAA3-8012-4512-AA9F-C8BA28522974}
	EndGlobalSection
EndGlobal
